
Microsoft Visual Studio Solution File, Format Version 12.00
# Visual Studio 2012
Project("{FAE04EC0-301F-11D3-BF4B-00C04F79EFBC}") = "LoadBalancerSynchronizer", "LoadBalancerSyncronizer\LoadBalancerSynchronizer.csproj", "{754217F4-6E59-4A08-9359-C4323F2964AE}"
EndProject
Global
	GlobalSection(SolutionConfigurationPlatforms) = preSolution
		Debug|Any CPU = Debug|Any CPU
		Release|Any CPU = Release|Any CPU
	EndGlobalSection
	GlobalSection(ProjectConfigurationPlatforms) = postSolution
		{754217F4-6E59-4A08-9359-C4323F2964AE}.Debug|Any CPU.ActiveCfg = Debug|Any CPU
		{754217F4-6E59-4A08-9359-C4323F2964AE}.Debug|Any CPU.Build.0 = Debug|Any CPU
		{754217F4-6E59-4A08-9359-C4323F2964AE}.Release|Any CPU.ActiveCfg = Release|Any CPU
		{754217F4-6E59-4A08-9359-C4323F2964AE}.Release|Any CPU.Build.0 = Release|Any CPU
	EndGlobalSection
	GlobalSection(SolutionProperties) = preSolution
		HideSolutionNode = FALSE
	EndGlobalSection
EndGlobal
